// !$*UTF8*$!
{
	archiveVersion = 1;
	classes = {
	};
	objectVersion = 50;
	objects = {

/* Begin PBXBuildFile section */
		EF6BA7072243EB7F00B51A73 /* AppDelegate.swift in Sources */ = {isa = PBXBuildFile; fileRef = EF6BA7062243EB7F00B51A73 /* AppDelegate.swift */; };
		EF6BA7092243EB7F00B51A73 /* ViewController.swift in Sources */ = {isa = PBXBuildFile; fileRef = EF6BA7082243EB7F00B51A73 /* ViewController.swift */; };
		EF6BA70C2243EB7F00B51A73 /* Main.storyboard in Resources */ = {isa = PBXBuildFile; fileRef = EF6BA70A2243EB7F00B51A73 /* Main.storyboard */; };
		EF6BA70E2243EB8500B51A73 /* Assets.xcassets in Resources */ = {isa = PBXBuildFile; fileRef = EF6BA70D2243EB8500B51A73 /* Assets.xcassets */; };
		EF6BA7112243EB8500B51A73 /* LaunchScreen.storyboard in Resources */ = {isa = PBXBuildFile; fileRef = EF6BA70F2243EB8500B51A73 /* LaunchScreen.storyboard */; };
		EF6BA7192243EE9E00B51A73 /* kareem_abdul_jabar.png in Resources */ = {isa = PBXBuildFile; fileRef = EF6BA7182243EE9E00B51A73 /* kareem_abdul_jabar.png */; };
		EF6BA71B2243FC5A00B51A73 /* gl_nbacourts_04.png in Resources */ = {isa = PBXBuildFile; fileRef = EF6BA71A2243FC5A00B51A73 /* gl_nbacourts_04.png */; };
		EFA6BCE722493617005F3C2E /* ListOfTeamsTableViewController.swift in Sources */ = {isa = PBXBuildFile; fileRef = EFA6BCE622493617005F3C2E /* ListOfTeamsTableViewController.swift */; };
		EFA6BCEB224937AA005F3C2E /* DetailTeamViewController.swift in Sources */ = {isa = PBXBuildFile; fileRef = EFA6BCEA224937AA005F3C2E /* DetailTeamViewController.swift */; };
/* End PBXBuildFile section */

/* Begin PBXFileReference section */
		EF6BA7032243EB7F00B51A73 /* Practica-01-UF01.app */ = {isa = PBXFileReference; explicitFileType = wrapper.application; includeInIndex = 0; path = "Practica-01-UF01.app"; sourceTree = BUILT_PRODUCTS_DIR; };
		EF6BA7062243EB7F00B51A73 /* AppDelegate.swift */ = {isa = PBXFileReference; lastKnownFileType = sourcecode.swift; path = AppDelegate.swift; sourceTree = "<group>"; };
		EF6BA7082243EB7F00B51A73 /* ViewController.swift */ = {isa = PBXFileReference; lastKnownFileType = sourcecode.swift; path = ViewController.swift; sourceTree = "<group>"; };
		EF6BA70B2243EB7F00B51A73 /* Base */ = {isa = PBXFileReference; lastKnownFileType = file.storyboard; name = Base; path = Base.lproj/Main.storyboard; sourceTree = "<group>"; };
		EF6BA70D2243EB8500B51A73 /* Assets.xcassets */ = {isa = PBXFileReference; lastKnownFileType = folder.assetcatalog; path = Assets.xcassets; sourceTree = "<group>"; };
		EF6BA7102243EB8500B51A73 /* Base */ = {isa = PBXFileReference; lastKnownFileType = file.storyboard; name = Base; path = Base.lproj/LaunchScreen.storyboard; sourceTree = "<group>"; };
		EF6BA7122243EB8500B51A73 /* Info.plist */ = {isa = PBXFileReference; lastKnownFileType = text.plist.xml; path = Info.plist; sourceTree = "<group>"; };
		EF6BA7182243EE9E00B51A73 /* kareem_abdul_jabar.png */ = {isa = PBXFileReference; lastKnownFileType = image.png; path = kareem_abdul_jabar.png; sourceTree = "<group>"; };
		EF6BA71A2243FC5A00B51A73 /* gl_nbacourts_04.png */ = {isa = PBXFileReference; lastKnownFileType = image.png; path = gl_nbacourts_04.png; sourceTree = "<group>"; };
		EFA6BCE622493617005F3C2E /* ListOfTeamsTableViewController.swift */ = {isa = PBXFileReference; lastKnownFileType = sourcecode.swift; path = ListOfTeamsTableViewController.swift; sourceTree = "<group>"; };
		EFA6BCEA224937AA005F3C2E /* DetailTeamViewController.swift */ = {isa = PBXFileReference; lastKnownFileType = sourcecode.swift; path = DetailTeamViewController.swift; sourceTree = "<group>"; };
/* End PBXFileReference section */

/* Begin PBXFrameworksBuildPhase section */
		EF6BA7002243EB7F00B51A73 /* Frameworks */ = {
			isa = PBXFrameworksBuildPhase;
			buildActionMask = 2147483647;
			files = (
			);
			runOnlyForDeploymentPostprocessing = 0;
		};
/* End PBXFrameworksBuildPhase section */

/* Begin PBXGroup section */
		EF6BA6FA2243EB7F00B51A73 = {
			isa = PBXGroup;
			children = (
				EF6BA7052243EB7F00B51A73 /* Practica-01-UF01 */,
				EF6BA7042243EB7F00B51A73 /* Products */,
			);
			sourceTree = "<group>";
		};
		EF6BA7042243EB7F00B51A73 /* Products */ = {
			isa = PBXGroup;
			children = (
				EF6BA7032243EB7F00B51A73 /* Practica-01-UF01.app */,
			);
			name = Products;
			sourceTree = "<group>";
		};
		EF6BA7052243EB7F00B51A73 /* Practica-01-UF01 */ = {
			isa = PBXGroup;
			children = (
				EF6BA7182243EE9E00B51A73 /* kareem_abdul_jabar.png */,
				EF6BA71A2243FC5A00B51A73 /* gl_nbacourts_04.png */,
				EF6BA7062243EB7F00B51A73 /* AppDelegate.swift */,
				EF6BA7082243EB7F00B51A73 /* ViewController.swift */,
				EF6BA70A2243EB7F00B51A73 /* Main.storyboard */,
				EFA6BCEA224937AA005F3C2E /* DetailTeamViewController.swift */,
				EFA6BCE622493617005F3C2E /* ListOfTeamsTableViewController.swift */,
				EF6BA70D2243EB8500B51A73 /* Assets.xcassets */,
				EF6BA70F2243EB8500B51A73 /* LaunchScreen.storyboard */,
				EF6BA7122243EB8500B51A73 /* Info.plist */,
			);
			path = "Practica-01-UF01";
			sourceTree = "<group>";
		};
/* End PBXGroup section */

/* Begin PBXNativeTarget section */
		EF6BA7022243EB7F00B51A73 /* Practica-01-UF01 */ = {
			isa = PBXNativeTarget;
			buildConfigurationList = EF6BA7152243EB8500B51A73 /* Build configuration list for PBXNativeTarget "Practica-01-UF01" */;
			buildPhases = (
				EF6BA6FF2243EB7F00B51A73 /* Sources */,
				EF6BA7002243EB7F00B51A73 /* Frameworks */,
				EF6BA7012243EB7F00B51A73 /* Resources */,
			);
			buildRules = (
			);
			dependencies = (
			);
			name = "Practica-01-UF01";
			productName = "Practica-01-UF01";
			productReference = EF6BA7032243EB7F00B51A73 /* Practica-01-UF01.app */;
			productType = "com.apple.product-type.application";
		};
/* End PBXNativeTarget section */

/* Begin PBXProject section */
		EF6BA6FB2243EB7F00B51A73 /* Project object */ = {
			isa = PBXProject;
			attributes = {
				LastSwiftUpdateCheck = 1010;
				LastUpgradeCheck = 1010;
				ORGANIZATIONNAME = Alumne;
				TargetAttributes = {
					EF6BA7022243EB7F00B51A73 = {
						CreatedOnToolsVersion = 10.1;
					};
				};
			};
			buildConfigurationList = EF6BA6FE2243EB7F00B51A73 /* Build configuration list for PBXProject "Practica-01-UF01" */;
			compatibilityVersion = "Xcode 9.3";
			developmentRegion = en;
			hasScannedForEncodings = 0;
			knownRegions = (
				en,
				Base,
			);
			mainGroup = EF6BA6FA2243EB7F00B51A73;
			productRefGroup = EF6BA7042243EB7F00B51A73 /* Products */;
			projectDirPath = "";
			projectRoot = "";
			targets = (
				EF6BA7022243EB7F00B51A73 /* Practica-01-UF01 */,
			);
		};
/* End PBXProject section */

/* Begin PBXResourcesBuildPhase section */
		EF6BA7012243EB7F00B51A73 /* Resources */ = {
			isa = PBXResourcesBuildPhase;
			buildActionMask = 2147483647;
			files = (
				EF6BA7192243EE9E00B51A73 /* kareem_abdul_jabar.png in Resources */,
				EF6BA7112243EB8500B51A73 /* LaunchScreen.storyboard in Resources */,
				EF6BA71B2243FC5A00B51A73 /* gl_nbacourts_04.png in Resources */,
				EF6BA70E2243EB8500B51A73 /* Assets.xcassets in Resources */,
				EF6BA70C2243EB7F00B51A73 /* Main.storyboard in Resources */,
			);
			runOnlyForDeploymentPostprocessing = 0;
		};
/* End PBXResourcesBuildPhase section */

/* Begin PBXSourcesBuildPhase section */
		EF6BA6FF2243EB7F00B51A73 /* Sources */ = {
			isa = PBXSourcesBuildPhase;
			buildActionMask = 2147483647;
			files = (
				EF6BA7092243EB7F00B51A73 /* ViewController.swift in Sources */,
				EFA6BCE722493617005F3C2E /* ListOfTeamsTableViewController.swift in Sources */,
				EFA6BCEB224937AA005F3C2E /* DetailTeamViewController.swift in Sources */,
				EF6BA7072243EB7F00B51A73 /* AppDelegate.swift in Sources */,
			);
			runOnlyForDeploymentPostprocessing = 0;
		};
/* End PBXSourcesBuildPhase section */

/* Begin PBXVariantGroup section */
		EF6BA70A2243EB7F00B51A73 /* Main.storyboard */ = {
			isa = PBXVariantGroup;
			children = (
				EF6BA70B2243EB7F00B51A73 /* Base */,
			);
			name = Main.storyboard;
			sourceTree = "<group>";
		};
		EF6BA70F2243EB8500B51A73 /* LaunchScreen.storyboard */ = {
			isa = PBXVariantGroup;
			children = (
				EF6BA7102243EB8500B51A73 /* Base */,
			);
			name = LaunchScreen.storyboard;
			sourceTree = "<group>";
		};
/* End PBXVariantGroup section */

/* Begin XCBuildConfiguration section */
		EF6BA7132243EB8500B51A73 /* Debug */ = {
			isa = XCBuildConfiguration;
			buildSettings = {
				ALWAYS_SEARCH_USER_PATHS = NO;
				CLANG_ANALYZER_NONNULL = YES;
				CLANG_ANALYZER_NUMBER_OBJECT_CONVERSION = YES_AGGRESSIVE;
				CLANG_CXX_LANGUAGE_STANDARD = "gnu++14";
				CLANG_CXX_LIBRARY = "libc++";
				CLANG_ENABLE_MODULES = YES;
				CLANG_ENABLE_OBJC_ARC = YES;
				CLANG_ENABLE_OBJC_WEAK = YES;
				CLANG_WARN_BLOCK_CAPTURE_AUTORELEASING = YES;
				CLANG_WARN_BOOL_CONVERSION = YES;
				CLANG_WARN_COMMA = YES;
				CLANG_WARN_CONSTANT_CONVERSION = YES;
				CLANG_WARN_DEPRECATED_OBJC_IMPLEMENTATIONS = YES;
				CLANG_WARN_DIRECT_OBJC_ISA_USAGE = YES_ERROR;
				CLANG_WARN_DOCUMENTATION_COMMENTS = YES;
				CLANG_WARN_EMPTY_BODY = YES;
				CLANG_WARN_ENUM_CONVERSION = YES;
				CLANG_WARN_INFINITE_RECURSION = YES;
				CLANG_WARN_INT_CONVERSION = YES;
				CLANG_WARN_NON_LITERAL_NULL_CONVERSION = YES;
				CLANG_WARN_OBJC_IMPLICIT_RETAIN_SELF = YES;
				CLANG_WARN_OBJC_LITERAL_CONVERSION = YES;
				CLANG_WARN_OBJC_ROOT_CLASS = YES_ERROR;
				CLANG_WARN_RANGE_LOOP_ANALYSIS = YES;
				CLANG_WARN_STRICT_PROTOTYPES = YES;
				CLANG_WARN_SUSPICIOUS_MOVE = YES;
				CLANG_WARN_UNGUARDED_AVAILABILITY = YES_AGGRESSIVE;
				CLANG_WARN_UNREACHABLE_CODE = YES;
				CLANG_WARN__DUPLICATE_METHOD_MATCH = YES;
				CODE_SIGN_IDENTITY = "iPhone Developer";
				COPY_PHASE_STRIP = NO;
				DEBUG_INFORMATION_FORMAT = dwarf;
				ENABLE_STRICT_OBJC_MSGSEND = YES;
				ENABLE_TESTABILITY = YES;
				GCC_C_LANGUAGE_STANDARD = gnu11;
				GCC_DYNAMIC_NO_PIC = NO;
				GCC_NO_COMMON_BLOCKS = YES;
				GCC_OPTIMIZATION_LEVEL = 0;
				GCC_PREPROCESSOR_DEFINITIONS = (
					"DEBUG=1",
					"$(inherited)",
				);
				GCC_WARN_64_TO_32_BIT_CONVERSION = YES;
				GCC_WARN_ABOUT_RETURN_TYPE = YES_ERROR;
				GCC_WARN_UNDECLARED_SELECTOR = YES;
				GCC_WARN_UNINITIALIZED_AUTOS = YES_AGGRESSIVE;
				GCC_WARN_UNUSED_FUNCTION = YES;
				GCC_WARN_UNUSED_VARIABLE = YES;
				IPHONEOS_DEPLOYMENT_TARGET = 12.1;
				MTL_ENABLE_DEBUG_INFO = INCLUDE_SOURCE;
				MTL_FAST_MATH = YES;
				ONLY_ACTIVE_ARCH = YES;
				SDKROOT = iphoneos;
				SWIFT_ACTIVE_COMPILATION_CONDITIONS = DEBUG;
				SWIFT_OPTIMIZATION_LEVEL = "-Onone";
			};
			name = Debug;
		};
		EF6BA7142243EB8500B51A73 /* Release */ = {
			isa = XCBuildConfiguration;
			buildSettings = {
				ALWAYS_SEARCH_USER_PATHS = NO;
				CLANG_ANALYZER_NONNULL = YES;
				CLANG_ANALYZER_NUMBER_OBJECT_CONVERSION = YES_AGGRESSIVE;
				CLANG_CXX_LANGUAGE_STANDARD = "gnu++14";
				CLANG_CXX_LIBRARY = "libc++";
				CLANG_ENABLE_MODULES = YES;
				CLANG_ENABLE_OBJC_ARC = YES;
				CLANG_ENABLE_OBJC_WEAK = YES;
				CLANG_WARN_BLOCK_CAPTURE_AUTORELEASING = YES;
				CLANG_WARN_BOOL_CONVERSION = YES;
				CLANG_WARN_COMMA = YES;
				CLANG_WARN_CONSTANT_CONVERSION = YES;
				CLANG_WARN_DEPRECATED_OBJC_IMPLEMENTATIONS = YES;
				CLANG_WARN_DIRECT_OBJC_ISA_USAGE = YES_ERROR;
				CLANG_WARN_DOCUMENTATION_COMMENTS = YES;
				CLANG_WARN_EMPTY_BODY = YES;
				CLANG_WARN_ENUM_CONVERSION = YES;
				CLANG_WARN_INFINITE_RECURSION = YES;
				CLANG_WARN_INT_CONVERSION = YES;
				CLANG_WARN_NON_LITERAL_NULL_CONVERSION = YES;
				CLANG_WARN_OBJC_IMPLICIT_RETAIN_SELF = YES;
				CLANG_WARN_OBJC_LITERAL_CONVERSION = YES;
				CLANG_WARN_OBJC_ROOT_CLASS = YES_ERROR;
				CLANG_WARN_RANGE_LOOP_ANALYSIS = YES;
				CLANG_WARN_STRICT_PROTOTYPES = YES;
				CLANG_WARN_SUSPICIOUS_MOVE = YES;
				CLANG_WARN_UNGUARDED_AVAILABILITY = YES_AGGRESSIVE;
				CLANG_WARN_UNREACHABLE_CODE = YES;
				CLANG_WARN__DUPLICATE_METHOD_MATCH = YES;
				CODE_SIGN_IDENTITY = "iPhone Developer";
				COPY_PHASE_STRIP = NO;
				DEBUG_INFORMATION_FORMAT = "dwarf-with-dsym";
				ENABLE_NS_ASSERTIONS = NO;
				ENABLE_STRICT_OBJC_MSGSEND = YES;
				GCC_C_LANGUAGE_STANDARD = gnu11;
				GCC_NO_COMMON_BLOCKS = YES;
				GCC_WARN_64_TO_32_BIT_CONVERSION = YES;
				GCC_WARN_ABOUT_RETURN_TYPE = YES_ERROR;
				GCC_WARN_UNDECLARED_SELECTOR = YES;
				GCC_WARN_UNINITIALIZED_AUTOS = YES_AGGRESSIVE;
				GCC_WARN_UNUSED_FUNCTION = YES;
				GCC_WARN_UNUSED_VARIABLE = YES;
				IPHONEOS_DEPLOYMENT_TARGET = 12.1;
				MTL_ENABLE_DEBUG_INFO = NO;
				MTL_FAST_MATH = YES;
				SDKROOT = iphoneos;
				SWIFT_COMPILATION_MODE = wholemodule;
				SWIFT_OPTIMIZATION_LEVEL = "-O";
				VALIDATE_PRODUCT = YES;
			};
			name = Release;
		};
		EF6BA7162243EB8500B51A73 /* Debug */ = {
			isa = XCBuildConfiguration;
			buildSettings = {
				ASSETCATALOG_COMPILER_APPICON_NAME = AppIcon;
				CODE_SIGN_STYLE = Automatic;
				INFOPLIST_FILE = "Practica-01-UF01/Info.plist";
				LD_RUNPATH_SEARCH_PATHS = (
					"$(inherited)",
					"@executable_path/Frameworks",
				);
				PRODUCT_BUNDLE_IDENTIFIER = "Pol-Joel.Practica-01-UF01";
				PRODUCT_NAME = "$(TARGET_NAME)";
				SWIFT_VERSION = 4.2;
				TARGETED_DEVICE_FAMILY = "1,2";
			};
			name = Debug;
		};
		EF6BA7172243EB8500B51A73 /* Release */ = {
			isa = XCBuildConfiguration;
			buildSettings = {
				ASSETCATALOG_COMPILER_APPICON_NAME = AppIcon;
				CODE_SIGN_STYLE = Automatic;
				INFOPLIST_FILE = "Practica-01-UF01/Info.plist";
				LD_RUNPATH_SEARCH_PATHS = (
					"$(inherited)",
					"@executable_path/Frameworks",
				);
				PRODUCT_BUNDLE_IDENTIFIER = "Pol-Joel.Practica-01-UF01";
				PRODUCT_NAME = "$(TARGET_NAME)";
				SWIFT_VERSION = 4.2;
				TARGETED_DEVICE_FAMILY = "1,2";
			};
			name = Release;
		};
/* End XCBuildConfiguration section */

/* Begin XCConfigurationList section */
		EF6BA6FE2243EB7F00B51A73 /* Build configuration list for PBXProject "Practica-01-UF01" */ = {
			isa = XCConfigurationList;
			buildConfigurations = (
				EF6BA7132243EB8500B51A73 /* Debug */,
				EF6BA7142243EB8500B51A73 /* Release */,
			);
			defaultConfigurationIsVisible = 0;
			defaultConfigurationName = Release;
		};
		EF6BA7152243EB8500B51A73 /* Build configuration list for PBXNativeTarget "Practica-01-UF01" */ = {
			isa = XCConfigurationList;
			buildConfigurations = (
				EF6BA7162243EB8500B51A73 /* Debug */,
				EF6BA7172243EB8500B51A73 /* Release */,
			);
			defaultConfigurationIsVisible = 0;
			defaultConfigurationName = Release;
		};
/* End XCConfigurationList section */
	};
	rootObject = EF6BA6FB2243EB7F00B51A73 /* Project object */;
}
