// !$*UTF8*$!
{
	archiveVersion = 1;
	classes = {
	};
	objectVersion = 50;
	objects = {

/* Begin PBXBuildFile section */
		EF2B2E31224D0F9A00DC32CF /* ListOfMatchesTableViewController.swift in Sources */ = {isa = PBXBuildFile; fileRef = EF2B2E30224D0F9A00DC32CF /* ListOfMatchesTableViewController.swift */; };
		EF2B2E33224D0FC900DC32CF /* DetailMatchViewController.swift in Sources */ = {isa = PBXBuildFile; fileRef = EF2B2E32224D0FC900DC32CF /* DetailMatchViewController.swift */; };
		EF2B2E36224D281200DC32CF /* libsqlite3.tbd in Frameworks */ = {isa = PBXBuildFile; fileRef = EF2B2E35224D281200DC32CF /* libsqlite3.tbd */; };
		EF2B2E43224D28C500DC32CF /* FMDatabaseAdditions.m in Sources */ = {isa = PBXBuildFile; fileRef = EF2B2E3A224D28C400DC32CF /* FMDatabaseAdditions.m */; };
		EF2B2E44224D28C500DC32CF /* FMDatabasePool.m in Sources */ = {isa = PBXBuildFile; fileRef = EF2B2E3B224D28C500DC32CF /* FMDatabasePool.m */; };
		EF2B2E45224D28C500DC32CF /* FMDatabase.m in Sources */ = {isa = PBXBuildFile; fileRef = EF2B2E3C224D28C500DC32CF /* FMDatabase.m */; };
		EF2B2E46224D28C500DC32CF /* FMResultSet.m in Sources */ = {isa = PBXBuildFile; fileRef = EF2B2E3E224D28C500DC32CF /* FMResultSet.m */; };
		EF2B2E47224D28C500DC32CF /* FMDatabaseQueue.m in Sources */ = {isa = PBXBuildFile; fileRef = EF2B2E40224D28C500DC32CF /* FMDatabaseQueue.m */; };
		EF2B2E68224D305500DC32CF /* thunder.png in Resources */ = {isa = PBXBuildFile; fileRef = EF2B2E4A224D305100DC32CF /* thunder.png */; };
		EF2B2E69224D305500DC32CF /* blazers.png in Resources */ = {isa = PBXBuildFile; fileRef = EF2B2E4B224D305100DC32CF /* blazers.png */; };
		EF2B2E6A224D305500DC32CF /* clippers.png in Resources */ = {isa = PBXBuildFile; fileRef = EF2B2E4C224D305100DC32CF /* clippers.png */; };
		EF2B2E6B224D305500DC32CF /* 76ers.png in Resources */ = {isa = PBXBuildFile; fileRef = EF2B2E4D224D305100DC32CF /* 76ers.png */; };
		EF2B2E6C224D305500DC32CF /* pacers.png in Resources */ = {isa = PBXBuildFile; fileRef = EF2B2E4E224D305200DC32CF /* pacers.png */; };
		EF2B2E6D224D305500DC32CF /* spurs.png in Resources */ = {isa = PBXBuildFile; fileRef = EF2B2E4F224D305200DC32CF /* spurs.png */; };
		EF2B2E6E224D305500DC32CF /* magic.png in Resources */ = {isa = PBXBuildFile; fileRef = EF2B2E50224D305200DC32CF /* magic.png */; };
		EF2B2E6F224D305500DC32CF /* bucks.png in Resources */ = {isa = PBXBuildFile; fileRef = EF2B2E51224D305200DC32CF /* bucks.png */; };
		EF2B2E70224D305500DC32CF /* rockets.png in Resources */ = {isa = PBXBuildFile; fileRef = EF2B2E52224D305200DC32CF /* rockets.png */; };
		EF2B2E71224D305500DC32CF /* denver.png in Resources */ = {isa = PBXBuildFile; fileRef = EF2B2E53224D305200DC32CF /* denver.png */; };
		EF2B2E72224D305500DC32CF /* jazz.png in Resources */ = {isa = PBXBuildFile; fileRef = EF2B2E54224D305200DC32CF /* jazz.png */; };
		EF2B2E73224D305500DC32CF /* kings.png in Resources */ = {isa = PBXBuildFile; fileRef = EF2B2E55224D305200DC32CF /* kings.png */; };
		EF2B2E74224D305500DC32CF /* timberwolves.png in Resources */ = {isa = PBXBuildFile; fileRef = EF2B2E56224D305300DC32CF /* timberwolves.png */; };
		EF2B2E75224D305500DC32CF /* pelicans.png in Resources */ = {isa = PBXBuildFile; fileRef = EF2B2E57224D305300DC32CF /* pelicans.png */; };
		EF2B2E76224D305500DC32CF /* hornets.png in Resources */ = {isa = PBXBuildFile; fileRef = EF2B2E58224D305300DC32CF /* hornets.png */; };
		EF2B2E77224D305500DC32CF /* nets.png in Resources */ = {isa = PBXBuildFile; fileRef = EF2B2E59224D305300DC32CF /* nets.png */; };
		EF2B2E78224D305500DC32CF /* raptors.png in Resources */ = {isa = PBXBuildFile; fileRef = EF2B2E5A224D305300DC32CF /* raptors.png */; };
		EF2B2E79224D305500DC32CF /* suns.png in Resources */ = {isa = PBXBuildFile; fileRef = EF2B2E5B224D305300DC32CF /* suns.png */; };
		EF2B2E7A224D305500DC32CF /* celtics.png in Resources */ = {isa = PBXBuildFile; fileRef = EF2B2E5C224D305300DC32CF /* celtics.png */; };
		EF2B2E7B224D305500DC32CF /* wizards.png in Resources */ = {isa = PBXBuildFile; fileRef = EF2B2E5D224D305300DC32CF /* wizards.png */; };
		EF2B2E7C224D305500DC32CF /* cavs.png in Resources */ = {isa = PBXBuildFile; fileRef = EF2B2E5E224D305400DC32CF /* cavs.png */; };
		EF2B2E7D224D305500DC32CF /* hawks.png in Resources */ = {isa = PBXBuildFile; fileRef = EF2B2E5F224D305400DC32CF /* hawks.png */; };
		EF2B2E7E224D305500DC32CF /* knicks.png in Resources */ = {isa = PBXBuildFile; fileRef = EF2B2E60224D305400DC32CF /* knicks.png */; };
		EF2B2E7F224D305500DC32CF /* heat.png in Resources */ = {isa = PBXBuildFile; fileRef = EF2B2E61224D305400DC32CF /* heat.png */; };
		EF2B2E80224D305500DC32CF /* lakers.png in Resources */ = {isa = PBXBuildFile; fileRef = EF2B2E62224D305400DC32CF /* lakers.png */; };
		EF2B2E81224D305500DC32CF /* bulls.png in Resources */ = {isa = PBXBuildFile; fileRef = EF2B2E63224D305400DC32CF /* bulls.png */; };
		EF2B2E82224D305500DC32CF /* pistons.png in Resources */ = {isa = PBXBuildFile; fileRef = EF2B2E64224D305400DC32CF /* pistons.png */; };
		EF2B2E83224D305500DC32CF /* warriors.png in Resources */ = {isa = PBXBuildFile; fileRef = EF2B2E65224D305400DC32CF /* warriors.png */; };
		EF2B2E84224D305500DC32CF /* grizzlies.png in Resources */ = {isa = PBXBuildFile; fileRef = EF2B2E66224D305500DC32CF /* grizzlies.png */; };
		EF2B2E85224D305500DC32CF /* mavericks.png in Resources */ = {isa = PBXBuildFile; fileRef = EF2B2E67224D305500DC32CF /* mavericks.png */; };
		EF43DA3522564770004CA8E5 /* MenuViewController.swift in Sources */ = {isa = PBXBuildFile; fileRef = EF43DA3422564770004CA8E5 /* MenuViewController.swift */; };
		EF43DA37225647A0004CA8E5 /* EditMatchViewController.swift in Sources */ = {isa = PBXBuildFile; fileRef = EF43DA36225647A0004CA8E5 /* EditMatchViewController.swift */; };
		EF6BA7072243EB7F00B51A73 /* AppDelegate.swift in Sources */ = {isa = PBXBuildFile; fileRef = EF6BA7062243EB7F00B51A73 /* AppDelegate.swift */; };
		EF6BA70C2243EB7F00B51A73 /* Main.storyboard in Resources */ = {isa = PBXBuildFile; fileRef = EF6BA70A2243EB7F00B51A73 /* Main.storyboard */; };
		EF6BA70E2243EB8500B51A73 /* Assets.xcassets in Resources */ = {isa = PBXBuildFile; fileRef = EF6BA70D2243EB8500B51A73 /* Assets.xcassets */; };
		EF6BA7112243EB8500B51A73 /* LaunchScreen.storyboard in Resources */ = {isa = PBXBuildFile; fileRef = EF6BA70F2243EB8500B51A73 /* LaunchScreen.storyboard */; };
		EF6BA7192243EE9E00B51A73 /* kareem_abdul_jabar.png in Resources */ = {isa = PBXBuildFile; fileRef = EF6BA7182243EE9E00B51A73 /* kareem_abdul_jabar.png */; };
		EF6BA71B2243FC5A00B51A73 /* gl_nbacourts_04.png in Resources */ = {isa = PBXBuildFile; fileRef = EF6BA71A2243FC5A00B51A73 /* gl_nbacourts_04.png */; };
		EFA6BCE722493617005F3C2E /* ListOfTeamsTableViewController.swift in Sources */ = {isa = PBXBuildFile; fileRef = EFA6BCE622493617005F3C2E /* ListOfTeamsTableViewController.swift */; };
		EFA6BCEB224937AA005F3C2E /* DetailTeamViewController.swift in Sources */ = {isa = PBXBuildFile; fileRef = EFA6BCEA224937AA005F3C2E /* DetailTeamViewController.swift */; };
		EFCDA81E225253C20071FF15 /* Match.swift in Sources */ = {isa = PBXBuildFile; fileRef = EFCDA81D225253C20071FF15 /* Match.swift */; };
		EFCDA820225254BB0071FF15 /* MatchTeam.swift in Sources */ = {isa = PBXBuildFile; fileRef = EFCDA81F225254BB0071FF15 /* MatchTeam.swift */; };
		EFCDA822225255C20071FF15 /* SQLiteDAO.swift in Sources */ = {isa = PBXBuildFile; fileRef = EFCDA821225255C20071FF15 /* SQLiteDAO.swift */; };
		EFCDA824225258FA0071FF15 /* MatchManager.swift in Sources */ = {isa = PBXBuildFile; fileRef = EFCDA823225258FA0071FF15 /* MatchManager.swift */; };
		EFCDA826225259130071FF15 /* MatchTeamManager.swift in Sources */ = {isa = PBXBuildFile; fileRef = EFCDA825225259130071FF15 /* MatchTeamManager.swift */; };
		EFCDA8282252593C0071FF15 /* SQLFactory.swift in Sources */ = {isa = PBXBuildFile; fileRef = EFCDA8272252593C0071FF15 /* SQLFactory.swift */; };
		EFCDA82B225260F80071FF15 /* SQLiteSingleton.swift in Sources */ = {isa = PBXBuildFile; fileRef = EFCDA82A225260F80071FF15 /* SQLiteSingleton.swift */; };
		EFCDA82D225267BC0071FF15 /* Team.swift in Sources */ = {isa = PBXBuildFile; fileRef = EFCDA82C225267BC0071FF15 /* Team.swift */; };
		EFCDA82F225268EE0071FF15 /* TeamManager.swift in Sources */ = {isa = PBXBuildFile; fileRef = EFCDA82E225268EE0071FF15 /* TeamManager.swift */; };
/* End PBXBuildFile section */

/* Begin PBXFileReference section */
		EF2B2E30224D0F9A00DC32CF /* ListOfMatchesTableViewController.swift */ = {isa = PBXFileReference; lastKnownFileType = sourcecode.swift; path = ListOfMatchesTableViewController.swift; sourceTree = "<group>"; };
		EF2B2E32224D0FC900DC32CF /* DetailMatchViewController.swift */ = {isa = PBXFileReference; lastKnownFileType = sourcecode.swift; path = DetailMatchViewController.swift; sourceTree = "<group>"; };
		EF2B2E35224D281200DC32CF /* libsqlite3.tbd */ = {isa = PBXFileReference; lastKnownFileType = "sourcecode.text-based-dylib-definition"; name = libsqlite3.tbd; path = usr/lib/libsqlite3.tbd; sourceTree = SDKROOT; };
		EF2B2E37224D28C400DC32CF /* Practica-01-UF01-Bridging-Header.h */ = {isa = PBXFileReference; lastKnownFileType = sourcecode.c.h; path = "Practica-01-UF01-Bridging-Header.h"; sourceTree = "<group>"; };
		EF2B2E38224D28C400DC32CF /* FMDB.h */ = {isa = PBXFileReference; fileEncoding = 4; lastKnownFileType = sourcecode.c.h; path = FMDB.h; sourceTree = "<group>"; };
		EF2B2E39224D28C400DC32CF /* FMResultSet.h */ = {isa = PBXFileReference; fileEncoding = 4; lastKnownFileType = sourcecode.c.h; path = FMResultSet.h; sourceTree = "<group>"; };
		EF2B2E3A224D28C400DC32CF /* FMDatabaseAdditions.m */ = {isa = PBXFileReference; fileEncoding = 4; lastKnownFileType = sourcecode.c.objc; path = FMDatabaseAdditions.m; sourceTree = "<group>"; };
		EF2B2E3B224D28C500DC32CF /* FMDatabasePool.m */ = {isa = PBXFileReference; fileEncoding = 4; lastKnownFileType = sourcecode.c.objc; path = FMDatabasePool.m; sourceTree = "<group>"; };
		EF2B2E3C224D28C500DC32CF /* FMDatabase.m */ = {isa = PBXFileReference; fileEncoding = 4; lastKnownFileType = sourcecode.c.objc; path = FMDatabase.m; sourceTree = "<group>"; };
		EF2B2E3D224D28C500DC32CF /* FMDatabase.h */ = {isa = PBXFileReference; fileEncoding = 4; lastKnownFileType = sourcecode.c.h; path = FMDatabase.h; sourceTree = "<group>"; };
		EF2B2E3E224D28C500DC32CF /* FMResultSet.m */ = {isa = PBXFileReference; fileEncoding = 4; lastKnownFileType = sourcecode.c.objc; path = FMResultSet.m; sourceTree = "<group>"; };
		EF2B2E3F224D28C500DC32CF /* FMDatabaseQueue.h */ = {isa = PBXFileReference; fileEncoding = 4; lastKnownFileType = sourcecode.c.h; path = FMDatabaseQueue.h; sourceTree = "<group>"; };
		EF2B2E40224D28C500DC32CF /* FMDatabaseQueue.m */ = {isa = PBXFileReference; fileEncoding = 4; lastKnownFileType = sourcecode.c.objc; path = FMDatabaseQueue.m; sourceTree = "<group>"; };
		EF2B2E41224D28C500DC32CF /* FMDatabasePool.h */ = {isa = PBXFileReference; fileEncoding = 4; lastKnownFileType = sourcecode.c.h; path = FMDatabasePool.h; sourceTree = "<group>"; };
		EF2B2E42224D28C500DC32CF /* FMDatabaseAdditions.h */ = {isa = PBXFileReference; fileEncoding = 4; lastKnownFileType = sourcecode.c.h; path = FMDatabaseAdditions.h; sourceTree = "<group>"; };
		EF2B2E4A224D305100DC32CF /* thunder.png */ = {isa = PBXFileReference; lastKnownFileType = image.png; path = thunder.png; sourceTree = "<group>"; };
		EF2B2E4B224D305100DC32CF /* blazers.png */ = {isa = PBXFileReference; lastKnownFileType = image.png; path = blazers.png; sourceTree = "<group>"; };
		EF2B2E4C224D305100DC32CF /* clippers.png */ = {isa = PBXFileReference; lastKnownFileType = image.png; path = clippers.png; sourceTree = "<group>"; };
		EF2B2E4D224D305100DC32CF /* 76ers.png */ = {isa = PBXFileReference; lastKnownFileType = image.png; path = 76ers.png; sourceTree = "<group>"; };
		EF2B2E4E224D305200DC32CF /* pacers.png */ = {isa = PBXFileReference; lastKnownFileType = image.png; path = pacers.png; sourceTree = "<group>"; };
		EF2B2E4F224D305200DC32CF /* spurs.png */ = {isa = PBXFileReference; lastKnownFileType = image.png; path = spurs.png; sourceTree = "<group>"; };
		EF2B2E50224D305200DC32CF /* magic.png */ = {isa = PBXFileReference; lastKnownFileType = image.png; path = magic.png; sourceTree = "<group>"; };
		EF2B2E51224D305200DC32CF /* bucks.png */ = {isa = PBXFileReference; lastKnownFileType = image.png; path = bucks.png; sourceTree = "<group>"; };
		EF2B2E52224D305200DC32CF /* rockets.png */ = {isa = PBXFileReference; lastKnownFileType = image.png; path = rockets.png; sourceTree = "<group>"; };
		EF2B2E53224D305200DC32CF /* denver.png */ = {isa = PBXFileReference; lastKnownFileType = image.png; path = denver.png; sourceTree = "<group>"; };
		EF2B2E54224D305200DC32CF /* jazz.png */ = {isa = PBXFileReference; lastKnownFileType = image.png; path = jazz.png; sourceTree = "<group>"; };
		EF2B2E55224D305200DC32CF /* kings.png */ = {isa = PBXFileReference; lastKnownFileType = image.png; path = kings.png; sourceTree = "<group>"; };
		EF2B2E56224D305300DC32CF /* timberwolves.png */ = {isa = PBXFileReference; lastKnownFileType = image.png; path = timberwolves.png; sourceTree = "<group>"; };
		EF2B2E57224D305300DC32CF /* pelicans.png */ = {isa = PBXFileReference; lastKnownFileType = image.png; path = pelicans.png; sourceTree = "<group>"; };
		EF2B2E58224D305300DC32CF /* hornets.png */ = {isa = PBXFileReference; lastKnownFileType = image.png; path = hornets.png; sourceTree = "<group>"; };
		EF2B2E59224D305300DC32CF /* nets.png */ = {isa = PBXFileReference; lastKnownFileType = image.png; path = nets.png; sourceTree = "<group>"; };
		EF2B2E5A224D305300DC32CF /* raptors.png */ = {isa = PBXFileReference; lastKnownFileType = image.png; path = raptors.png; sourceTree = "<group>"; };
		EF2B2E5B224D305300DC32CF /* suns.png */ = {isa = PBXFileReference; lastKnownFileType = image.png; path = suns.png; sourceTree = "<group>"; };
		EF2B2E5C224D305300DC32CF /* celtics.png */ = {isa = PBXFileReference; lastKnownFileType = image.png; path = celtics.png; sourceTree = "<group>"; };
		EF2B2E5D224D305300DC32CF /* wizards.png */ = {isa = PBXFileReference; lastKnownFileType = image.png; path = wizards.png; sourceTree = "<group>"; };
		EF2B2E5E224D305400DC32CF /* cavs.png */ = {isa = PBXFileReference; lastKnownFileType = image.png; path = cavs.png; sourceTree = "<group>"; };
		EF2B2E5F224D305400DC32CF /* hawks.png */ = {isa = PBXFileReference; lastKnownFileType = image.png; path = hawks.png; sourceTree = "<group>"; };
		EF2B2E60224D305400DC32CF /* knicks.png */ = {isa = PBXFileReference; lastKnownFileType = image.png; path = knicks.png; sourceTree = "<group>"; };
		EF2B2E61224D305400DC32CF /* heat.png */ = {isa = PBXFileReference; lastKnownFileType = image.png; path = heat.png; sourceTree = "<group>"; };
		EF2B2E62224D305400DC32CF /* lakers.png */ = {isa = PBXFileReference; lastKnownFileType = image.png; path = lakers.png; sourceTree = "<group>"; };
		EF2B2E63224D305400DC32CF /* bulls.png */ = {isa = PBXFileReference; lastKnownFileType = image.png; path = bulls.png; sourceTree = "<group>"; };
		EF2B2E64224D305400DC32CF /* pistons.png */ = {isa = PBXFileReference; lastKnownFileType = image.png; path = pistons.png; sourceTree = "<group>"; };
		EF2B2E65224D305400DC32CF /* warriors.png */ = {isa = PBXFileReference; lastKnownFileType = image.png; path = warriors.png; sourceTree = "<group>"; };
		EF2B2E66224D305500DC32CF /* grizzlies.png */ = {isa = PBXFileReference; lastKnownFileType = image.png; path = grizzlies.png; sourceTree = "<group>"; };
		EF2B2E67224D305500DC32CF /* mavericks.png */ = {isa = PBXFileReference; lastKnownFileType = image.png; path = mavericks.png; sourceTree = "<group>"; };
		EF43DA3422564770004CA8E5 /* MenuViewController.swift */ = {isa = PBXFileReference; lastKnownFileType = sourcecode.swift; path = MenuViewController.swift; sourceTree = "<group>"; };
		EF43DA36225647A0004CA8E5 /* EditMatchViewController.swift */ = {isa = PBXFileReference; lastKnownFileType = sourcecode.swift; path = EditMatchViewController.swift; sourceTree = "<group>"; };
		EF6BA7032243EB7F00B51A73 /* Practica-01-UF01.app */ = {isa = PBXFileReference; explicitFileType = wrapper.application; includeInIndex = 0; path = "Practica-01-UF01.app"; sourceTree = BUILT_PRODUCTS_DIR; };
		EF6BA7062243EB7F00B51A73 /* AppDelegate.swift */ = {isa = PBXFileReference; lastKnownFileType = sourcecode.swift; path = AppDelegate.swift; sourceTree = "<group>"; };
		EF6BA70B2243EB7F00B51A73 /* Base */ = {isa = PBXFileReference; lastKnownFileType = file.storyboard; name = Base; path = Base.lproj/Main.storyboard; sourceTree = "<group>"; };
		EF6BA70D2243EB8500B51A73 /* Assets.xcassets */ = {isa = PBXFileReference; lastKnownFileType = folder.assetcatalog; path = Assets.xcassets; sourceTree = "<group>"; };
		EF6BA7102243EB8500B51A73 /* Base */ = {isa = PBXFileReference; lastKnownFileType = file.storyboard; name = Base; path = Base.lproj/LaunchScreen.storyboard; sourceTree = "<group>"; };
		EF6BA7122243EB8500B51A73 /* Info.plist */ = {isa = PBXFileReference; lastKnownFileType = text.plist.xml; path = Info.plist; sourceTree = "<group>"; };
		EF6BA7182243EE9E00B51A73 /* kareem_abdul_jabar.png */ = {isa = PBXFileReference; lastKnownFileType = image.png; path = kareem_abdul_jabar.png; sourceTree = "<group>"; };
		EF6BA71A2243FC5A00B51A73 /* gl_nbacourts_04.png */ = {isa = PBXFileReference; lastKnownFileType = image.png; path = gl_nbacourts_04.png; sourceTree = "<group>"; };
		EFA6BCE622493617005F3C2E /* ListOfTeamsTableViewController.swift */ = {isa = PBXFileReference; lastKnownFileType = sourcecode.swift; path = ListOfTeamsTableViewController.swift; sourceTree = "<group>"; };
		EFA6BCEA224937AA005F3C2E /* DetailTeamViewController.swift */ = {isa = PBXFileReference; lastKnownFileType = sourcecode.swift; path = DetailTeamViewController.swift; sourceTree = "<group>"; };
		EFCDA81D225253C20071FF15 /* Match.swift */ = {isa = PBXFileReference; lastKnownFileType = sourcecode.swift; path = Match.swift; sourceTree = "<group>"; };
		EFCDA81F225254BB0071FF15 /* MatchTeam.swift */ = {isa = PBXFileReference; lastKnownFileType = sourcecode.swift; path = MatchTeam.swift; sourceTree = "<group>"; };
		EFCDA821225255C20071FF15 /* SQLiteDAO.swift */ = {isa = PBXFileReference; lastKnownFileType = sourcecode.swift; path = SQLiteDAO.swift; sourceTree = "<group>"; };
		EFCDA823225258FA0071FF15 /* MatchManager.swift */ = {isa = PBXFileReference; lastKnownFileType = sourcecode.swift; path = MatchManager.swift; sourceTree = "<group>"; };
		EFCDA825225259130071FF15 /* MatchTeamManager.swift */ = {isa = PBXFileReference; lastKnownFileType = sourcecode.swift; path = MatchTeamManager.swift; sourceTree = "<group>"; };
		EFCDA8272252593C0071FF15 /* SQLFactory.swift */ = {isa = PBXFileReference; lastKnownFileType = sourcecode.swift; path = SQLFactory.swift; sourceTree = "<group>"; };
		EFCDA8292252606D0071FF15 /* nba.db */ = {isa = PBXFileReference; lastKnownFileType = file; name = nba.db; path = "Practica-01-UF01/fmdb/nba.db"; sourceTree = SOURCE_ROOT; };
		EFCDA82A225260F80071FF15 /* SQLiteSingleton.swift */ = {isa = PBXFileReference; lastKnownFileType = sourcecode.swift; path = SQLiteSingleton.swift; sourceTree = "<group>"; };
		EFCDA82C225267BC0071FF15 /* Team.swift */ = {isa = PBXFileReference; lastKnownFileType = sourcecode.swift; path = Team.swift; sourceTree = "<group>"; };
		EFCDA82E225268EE0071FF15 /* TeamManager.swift */ = {isa = PBXFileReference; lastKnownFileType = sourcecode.swift; path = TeamManager.swift; sourceTree = "<group>"; };
/* End PBXFileReference section */

/* Begin PBXFrameworksBuildPhase section */
		EF6BA7002243EB7F00B51A73 /* Frameworks */ = {
			isa = PBXFrameworksBuildPhase;
			buildActionMask = 2147483647;
			files = (
				EF2B2E36224D281200DC32CF /* libsqlite3.tbd in Frameworks */,
			);
			runOnlyForDeploymentPostprocessing = 0;
		};
/* End PBXFrameworksBuildPhase section */

/* Begin PBXGroup section */
		0077AC412250C9290017B4FB /* Images */ = {
			isa = PBXGroup;
			children = (
				EF6BA7182243EE9E00B51A73 /* kareem_abdul_jabar.png */,
				EF6BA71A2243FC5A00B51A73 /* gl_nbacourts_04.png */,
				EF2B2E4D224D305100DC32CF /* 76ers.png */,
				EF2B2E4B224D305100DC32CF /* blazers.png */,
				EF2B2E51224D305200DC32CF /* bucks.png */,
				EF2B2E63224D305400DC32CF /* bulls.png */,
				EF2B2E5E224D305400DC32CF /* cavs.png */,
				EF2B2E5C224D305300DC32CF /* celtics.png */,
				EF2B2E4C224D305100DC32CF /* clippers.png */,
				EF2B2E53224D305200DC32CF /* denver.png */,
				EF2B2E66224D305500DC32CF /* grizzlies.png */,
				EF2B2E5F224D305400DC32CF /* hawks.png */,
				EF2B2E61224D305400DC32CF /* heat.png */,
				EF2B2E58224D305300DC32CF /* hornets.png */,
				EF2B2E54224D305200DC32CF /* jazz.png */,
				EF2B2E55224D305200DC32CF /* kings.png */,
				EF2B2E60224D305400DC32CF /* knicks.png */,
				EF2B2E62224D305400DC32CF /* lakers.png */,
				EF2B2E50224D305200DC32CF /* magic.png */,
				EF2B2E67224D305500DC32CF /* mavericks.png */,
				EF2B2E59224D305300DC32CF /* nets.png */,
				EF2B2E4E224D305200DC32CF /* pacers.png */,
				EF2B2E57224D305300DC32CF /* pelicans.png */,
				EF2B2E64224D305400DC32CF /* pistons.png */,
				EF2B2E5A224D305300DC32CF /* raptors.png */,
				EF2B2E52224D305200DC32CF /* rockets.png */,
				EF2B2E4F224D305200DC32CF /* spurs.png */,
				EF2B2E5B224D305300DC32CF /* suns.png */,
				EF2B2E4A224D305100DC32CF /* thunder.png */,
				EF2B2E56224D305300DC32CF /* timberwolves.png */,
				EF2B2E65224D305400DC32CF /* warriors.png */,
				EF2B2E5D224D305300DC32CF /* wizards.png */,
			);
			path = Images;
			sourceTree = "<group>";
		};
		EF2B2E34224D281200DC32CF /* Frameworks */ = {
			isa = PBXGroup;
			children = (
				EF2B2E35224D281200DC32CF /* libsqlite3.tbd */,
			);
			name = Frameworks;
			sourceTree = "<group>";
		};
		EF2B2E48224D28E100DC32CF /* fmdb */ = {
			isa = PBXGroup;
			children = (
				EF2B2E3D224D28C500DC32CF /* FMDatabase.h */,
				EF2B2E3C224D28C500DC32CF /* FMDatabase.m */,
				EF2B2E42224D28C500DC32CF /* FMDatabaseAdditions.h */,
				EF2B2E3A224D28C400DC32CF /* FMDatabaseAdditions.m */,
				EF2B2E41224D28C500DC32CF /* FMDatabasePool.h */,
				EF2B2E3B224D28C500DC32CF /* FMDatabasePool.m */,
				EF2B2E3F224D28C500DC32CF /* FMDatabaseQueue.h */,
				EF2B2E40224D28C500DC32CF /* FMDatabaseQueue.m */,
				EF2B2E38224D28C400DC32CF /* FMDB.h */,
				EF2B2E39224D28C400DC32CF /* FMResultSet.h */,
				EFCDA8292252606D0071FF15 /* nba.db */,
				EF2B2E3E224D28C500DC32CF /* FMResultSet.m */,
			);
			path = fmdb;
			sourceTree = "<group>";
		};
		EF6BA6FA2243EB7F00B51A73 = {
			isa = PBXGroup;
			children = (
				EF6BA7052243EB7F00B51A73 /* Practica-01-UF01 */,
				EF6BA7042243EB7F00B51A73 /* Products */,
				EF2B2E34224D281200DC32CF /* Frameworks */,
			);
			sourceTree = "<group>";
		};
		EF6BA7042243EB7F00B51A73 /* Products */ = {
			isa = PBXGroup;
			children = (
				EF6BA7032243EB7F00B51A73 /* Practica-01-UF01.app */,
			);
			name = Products;
			sourceTree = "<group>";
		};
		EF6BA7052243EB7F00B51A73 /* Practica-01-UF01 */ = {
			isa = PBXGroup;
			children = (
				0077AC412250C9290017B4FB /* Images */,
				EF2B2E48224D28E100DC32CF /* fmdb */,
				EF6BA7062243EB7F00B51A73 /* AppDelegate.swift */,
				EF6BA70A2243EB7F00B51A73 /* Main.storyboard */,
				EFA6BCEA224937AA005F3C2E /* DetailTeamViewController.swift */,
				EFA6BCE622493617005F3C2E /* ListOfTeamsTableViewController.swift */,
				EF2B2E30224D0F9A00DC32CF /* ListOfMatchesTableViewController.swift */,
				EF2B2E32224D0FC900DC32CF /* DetailMatchViewController.swift */,
				EF6BA70D2243EB8500B51A73 /* Assets.xcassets */,
				EF6BA70F2243EB8500B51A73 /* LaunchScreen.storyboard */,
				EF6BA7122243EB8500B51A73 /* Info.plist */,
				EF2B2E37224D28C400DC32CF /* Practica-01-UF01-Bridging-Header.h */,
				EFCDA81D225253C20071FF15 /* Match.swift */,
				EFCDA81F225254BB0071FF15 /* MatchTeam.swift */,
				EFCDA821225255C20071FF15 /* SQLiteDAO.swift */,
				EFCDA823225258FA0071FF15 /* MatchManager.swift */,
				EFCDA825225259130071FF15 /* MatchTeamManager.swift */,
				EFCDA8272252593C0071FF15 /* SQLFactory.swift */,
				EFCDA82A225260F80071FF15 /* SQLiteSingleton.swift */,
				EFCDA82C225267BC0071FF15 /* Team.swift */,
				EFCDA82E225268EE0071FF15 /* TeamManager.swift */,
				EF43DA3422564770004CA8E5 /* MenuViewController.swift */,
				EF43DA36225647A0004CA8E5 /* EditMatchViewController.swift */,
			);
			path = "Practica-01-UF01";
			sourceTree = "<group>";
		};
/* End PBXGroup section */

/* Begin PBXNativeTarget section */
		EF6BA7022243EB7F00B51A73 /* Practica-01-UF01 */ = {
			isa = PBXNativeTarget;
			buildConfigurationList = EF6BA7152243EB8500B51A73 /* Build configuration list for PBXNativeTarget "Practica-01-UF01" */;
			buildPhases = (
				EF6BA6FF2243EB7F00B51A73 /* Sources */,
				EF6BA7002243EB7F00B51A73 /* Frameworks */,
				EF6BA7012243EB7F00B51A73 /* Resources */,
			);
			buildRules = (
			);
			dependencies = (
			);
			name = "Practica-01-UF01";
			productName = "Practica-01-UF01";
			productReference = EF6BA7032243EB7F00B51A73 /* Practica-01-UF01.app */;
			productType = "com.apple.product-type.application";
		};
/* End PBXNativeTarget section */

/* Begin PBXProject section */
		EF6BA6FB2243EB7F00B51A73 /* Project object */ = {
			isa = PBXProject;
			attributes = {
				LastSwiftUpdateCheck = 1010;
				LastUpgradeCheck = 1010;
				ORGANIZATIONNAME = Alumne;
				TargetAttributes = {
					EF6BA7022243EB7F00B51A73 = {
						CreatedOnToolsVersion = 10.1;
						LastSwiftMigration = 1010;
					};
				};
			};
			buildConfigurationList = EF6BA6FE2243EB7F00B51A73 /* Build configuration list for PBXProject "Practica-01-UF01" */;
			compatibilityVersion = "Xcode 9.3";
			developmentRegion = en;
			hasScannedForEncodings = 0;
			knownRegions = (
				en,
				Base,
			);
			mainGroup = EF6BA6FA2243EB7F00B51A73;
			productRefGroup = EF6BA7042243EB7F00B51A73 /* Products */;
			projectDirPath = "";
			projectRoot = "";
			targets = (
				EF6BA7022243EB7F00B51A73 /* Practica-01-UF01 */,
			);
		};
/* End PBXProject section */

/* Begin PBXResourcesBuildPhase section */
		EF6BA7012243EB7F00B51A73 /* Resources */ = {
			isa = PBXResourcesBuildPhase;
			buildActionMask = 2147483647;
			files = (
				EF6BA7192243EE9E00B51A73 /* kareem_abdul_jabar.png in Resources */,
				EF2B2E80224D305500DC32CF /* lakers.png in Resources */,
				EF2B2E78224D305500DC32CF /* raptors.png in Resources */,
				EF2B2E84224D305500DC32CF /* grizzlies.png in Resources */,
				EF2B2E6C224D305500DC32CF /* pacers.png in Resources */,
				EF2B2E75224D305500DC32CF /* pelicans.png in Resources */,
				EF2B2E6A224D305500DC32CF /* clippers.png in Resources */,
				EF6BA7112243EB8500B51A73 /* LaunchScreen.storyboard in Resources */,
				EF2B2E76224D305500DC32CF /* hornets.png in Resources */,
				EF2B2E81224D305500DC32CF /* bulls.png in Resources */,
				EF2B2E69224D305500DC32CF /* blazers.png in Resources */,
				EF2B2E70224D305500DC32CF /* rockets.png in Resources */,
				EF2B2E74224D305500DC32CF /* timberwolves.png in Resources */,
				EF2B2E7B224D305500DC32CF /* wizards.png in Resources */,
				EF2B2E68224D305500DC32CF /* thunder.png in Resources */,
				EF2B2E82224D305500DC32CF /* pistons.png in Resources */,
				EF2B2E83224D305500DC32CF /* warriors.png in Resources */,
				EF2B2E79224D305500DC32CF /* suns.png in Resources */,
				EF2B2E85224D305500DC32CF /* mavericks.png in Resources */,
				EF2B2E6B224D305500DC32CF /* 76ers.png in Resources */,
				EF2B2E7A224D305500DC32CF /* celtics.png in Resources */,
				EF2B2E71224D305500DC32CF /* denver.png in Resources */,
				EF2B2E7E224D305500DC32CF /* knicks.png in Resources */,
				EF2B2E7C224D305500DC32CF /* cavs.png in Resources */,
				EF2B2E7F224D305500DC32CF /* heat.png in Resources */,
				EF2B2E6D224D305500DC32CF /* spurs.png in Resources */,
				EF2B2E72224D305500DC32CF /* jazz.png in Resources */,
				EF2B2E77224D305500DC32CF /* nets.png in Resources */,
				EF2B2E6F224D305500DC32CF /* bucks.png in Resources */,
				EF6BA71B2243FC5A00B51A73 /* gl_nbacourts_04.png in Resources */,
				EF2B2E73224D305500DC32CF /* kings.png in Resources */,
				EF2B2E6E224D305500DC32CF /* magic.png in Resources */,
				EF6BA70E2243EB8500B51A73 /* Assets.xcassets in Resources */,
				EF6BA70C2243EB7F00B51A73 /* Main.storyboard in Resources */,
				EF2B2E7D224D305500DC32CF /* hawks.png in Resources */,
			);
			runOnlyForDeploymentPostprocessing = 0;
		};
/* End PBXResourcesBuildPhase section */

/* Begin PBXSourcesBuildPhase section */
		EF6BA6FF2243EB7F00B51A73 /* Sources */ = {
			isa = PBXSourcesBuildPhase;
			buildActionMask = 2147483647;
			files = (
				EFCDA826225259130071FF15 /* MatchTeamManager.swift in Sources */,
				EFCDA82D225267BC0071FF15 /* Team.swift in Sources */,
				EF2B2E31224D0F9A00DC32CF /* ListOfMatchesTableViewController.swift in Sources */,
				EFA6BCE722493617005F3C2E /* ListOfTeamsTableViewController.swift in Sources */,
				EFCDA820225254BB0071FF15 /* MatchTeam.swift in Sources */,
				EFCDA82B225260F80071FF15 /* SQLiteSingleton.swift in Sources */,
				EF2B2E45224D28C500DC32CF /* FMDatabase.m in Sources */,
				EFCDA8282252593C0071FF15 /* SQLFactory.swift in Sources */,
				EF43DA37225647A0004CA8E5 /* EditMatchViewController.swift in Sources */,
				EF2B2E46224D28C500DC32CF /* FMResultSet.m in Sources */,
				EF2B2E33224D0FC900DC32CF /* DetailMatchViewController.swift in Sources */,
				EFA6BCEB224937AA005F3C2E /* DetailTeamViewController.swift in Sources */,
				EF43DA3522564770004CA8E5 /* MenuViewController.swift in Sources */,
				EFCDA822225255C20071FF15 /* SQLiteDAO.swift in Sources */,
				EF2B2E44224D28C500DC32CF /* FMDatabasePool.m in Sources */,
				EFCDA82F225268EE0071FF15 /* TeamManager.swift in Sources */,
				EF2B2E47224D28C500DC32CF /* FMDatabaseQueue.m in Sources */,
				EF2B2E43224D28C500DC32CF /* FMDatabaseAdditions.m in Sources */,
				EF6BA7072243EB7F00B51A73 /* AppDelegate.swift in Sources */,
				EFCDA824225258FA0071FF15 /* MatchManager.swift in Sources */,
				EFCDA81E225253C20071FF15 /* Match.swift in Sources */,
			);
			runOnlyForDeploymentPostprocessing = 0;
		};
/* End PBXSourcesBuildPhase section */

/* Begin PBXVariantGroup section */
		EF6BA70A2243EB7F00B51A73 /* Main.storyboard */ = {
			isa = PBXVariantGroup;
			children = (
				EF6BA70B2243EB7F00B51A73 /* Base */,
			);
			name = Main.storyboard;
			sourceTree = "<group>";
		};
		EF6BA70F2243EB8500B51A73 /* LaunchScreen.storyboard */ = {
			isa = PBXVariantGroup;
			children = (
				EF6BA7102243EB8500B51A73 /* Base */,
			);
			name = LaunchScreen.storyboard;
			sourceTree = "<group>";
		};
/* End PBXVariantGroup section */

/* Begin XCBuildConfiguration section */
		EF6BA7132243EB8500B51A73 /* Debug */ = {
			isa = XCBuildConfiguration;
			buildSettings = {
				ALWAYS_SEARCH_USER_PATHS = NO;
				CLANG_ANALYZER_NONNULL = YES;
				CLANG_ANALYZER_NUMBER_OBJECT_CONVERSION = YES_AGGRESSIVE;
				CLANG_CXX_LANGUAGE_STANDARD = "gnu++14";
				CLANG_CXX_LIBRARY = "libc++";
				CLANG_ENABLE_MODULES = YES;
				CLANG_ENABLE_OBJC_ARC = YES;
				CLANG_ENABLE_OBJC_WEAK = YES;
				CLANG_WARN_BLOCK_CAPTURE_AUTORELEASING = YES;
				CLANG_WARN_BOOL_CONVERSION = YES;
				CLANG_WARN_COMMA = YES;
				CLANG_WARN_CONSTANT_CONVERSION = YES;
				CLANG_WARN_DEPRECATED_OBJC_IMPLEMENTATIONS = YES;
				CLANG_WARN_DIRECT_OBJC_ISA_USAGE = YES_ERROR;
				CLANG_WARN_DOCUMENTATION_COMMENTS = YES;
				CLANG_WARN_EMPTY_BODY = YES;
				CLANG_WARN_ENUM_CONVERSION = YES;
				CLANG_WARN_INFINITE_RECURSION = YES;
				CLANG_WARN_INT_CONVERSION = YES;
				CLANG_WARN_NON_LITERAL_NULL_CONVERSION = YES;
				CLANG_WARN_OBJC_IMPLICIT_RETAIN_SELF = YES;
				CLANG_WARN_OBJC_LITERAL_CONVERSION = YES;
				CLANG_WARN_OBJC_ROOT_CLASS = YES_ERROR;
				CLANG_WARN_RANGE_LOOP_ANALYSIS = YES;
				CLANG_WARN_STRICT_PROTOTYPES = YES;
				CLANG_WARN_SUSPICIOUS_MOVE = YES;
				CLANG_WARN_UNGUARDED_AVAILABILITY = YES_AGGRESSIVE;
				CLANG_WARN_UNREACHABLE_CODE = YES;
				CLANG_WARN__DUPLICATE_METHOD_MATCH = YES;
				CODE_SIGN_IDENTITY = "iPhone Developer";
				COPY_PHASE_STRIP = NO;
				DEBUG_INFORMATION_FORMAT = dwarf;
				ENABLE_STRICT_OBJC_MSGSEND = YES;
				ENABLE_TESTABILITY = YES;
				GCC_C_LANGUAGE_STANDARD = gnu11;
				GCC_DYNAMIC_NO_PIC = NO;
				GCC_NO_COMMON_BLOCKS = YES;
				GCC_OPTIMIZATION_LEVEL = 0;
				GCC_PREPROCESSOR_DEFINITIONS = (
					"DEBUG=1",
					"$(inherited)",
				);
				GCC_WARN_64_TO_32_BIT_CONVERSION = YES;
				GCC_WARN_ABOUT_RETURN_TYPE = YES_ERROR;
				GCC_WARN_UNDECLARED_SELECTOR = YES;
				GCC_WARN_UNINITIALIZED_AUTOS = YES_AGGRESSIVE;
				GCC_WARN_UNUSED_FUNCTION = YES;
				GCC_WARN_UNUSED_VARIABLE = YES;
				IPHONEOS_DEPLOYMENT_TARGET = 12.1;
				MTL_ENABLE_DEBUG_INFO = INCLUDE_SOURCE;
				MTL_FAST_MATH = YES;
				ONLY_ACTIVE_ARCH = YES;
				SDKROOT = iphoneos;
				SWIFT_ACTIVE_COMPILATION_CONDITIONS = DEBUG;
				SWIFT_OPTIMIZATION_LEVEL = "-Onone";
			};
			name = Debug;
		};
		EF6BA7142243EB8500B51A73 /* Release */ = {
			isa = XCBuildConfiguration;
			buildSettings = {
				ALWAYS_SEARCH_USER_PATHS = NO;
				CLANG_ANALYZER_NONNULL = YES;
				CLANG_ANALYZER_NUMBER_OBJECT_CONVERSION = YES_AGGRESSIVE;
				CLANG_CXX_LANGUAGE_STANDARD = "gnu++14";
				CLANG_CXX_LIBRARY = "libc++";
				CLANG_ENABLE_MODULES = YES;
				CLANG_ENABLE_OBJC_ARC = YES;
				CLANG_ENABLE_OBJC_WEAK = YES;
				CLANG_WARN_BLOCK_CAPTURE_AUTORELEASING = YES;
				CLANG_WARN_BOOL_CONVERSION = YES;
				CLANG_WARN_COMMA = YES;
				CLANG_WARN_CONSTANT_CONVERSION = YES;
				CLANG_WARN_DEPRECATED_OBJC_IMPLEMENTATIONS = YES;
				CLANG_WARN_DIRECT_OBJC_ISA_USAGE = YES_ERROR;
				CLANG_WARN_DOCUMENTATION_COMMENTS = YES;
				CLANG_WARN_EMPTY_BODY = YES;
				CLANG_WARN_ENUM_CONVERSION = YES;
				CLANG_WARN_INFINITE_RECURSION = YES;
				CLANG_WARN_INT_CONVERSION = YES;
				CLANG_WARN_NON_LITERAL_NULL_CONVERSION = YES;
				CLANG_WARN_OBJC_IMPLICIT_RETAIN_SELF = YES;
				CLANG_WARN_OBJC_LITERAL_CONVERSION = YES;
				CLANG_WARN_OBJC_ROOT_CLASS = YES_ERROR;
				CLANG_WARN_RANGE_LOOP_ANALYSIS = YES;
				CLANG_WARN_STRICT_PROTOTYPES = YES;
				CLANG_WARN_SUSPICIOUS_MOVE = YES;
				CLANG_WARN_UNGUARDED_AVAILABILITY = YES_AGGRESSIVE;
				CLANG_WARN_UNREACHABLE_CODE = YES;
				CLANG_WARN__DUPLICATE_METHOD_MATCH = YES;
				CODE_SIGN_IDENTITY = "iPhone Developer";
				COPY_PHASE_STRIP = NO;
				DEBUG_INFORMATION_FORMAT = "dwarf-with-dsym";
				ENABLE_NS_ASSERTIONS = NO;
				ENABLE_STRICT_OBJC_MSGSEND = YES;
				GCC_C_LANGUAGE_STANDARD = gnu11;
				GCC_NO_COMMON_BLOCKS = YES;
				GCC_WARN_64_TO_32_BIT_CONVERSION = YES;
				GCC_WARN_ABOUT_RETURN_TYPE = YES_ERROR;
				GCC_WARN_UNDECLARED_SELECTOR = YES;
				GCC_WARN_UNINITIALIZED_AUTOS = YES_AGGRESSIVE;
				GCC_WARN_UNUSED_FUNCTION = YES;
				GCC_WARN_UNUSED_VARIABLE = YES;
				IPHONEOS_DEPLOYMENT_TARGET = 12.1;
				MTL_ENABLE_DEBUG_INFO = NO;
				MTL_FAST_MATH = YES;
				SDKROOT = iphoneos;
				SWIFT_COMPILATION_MODE = wholemodule;
				SWIFT_OPTIMIZATION_LEVEL = "-O";
				VALIDATE_PRODUCT = YES;
			};
			name = Release;
		};
		EF6BA7162243EB8500B51A73 /* Debug */ = {
			isa = XCBuildConfiguration;
			buildSettings = {
				ASSETCATALOG_COMPILER_APPICON_NAME = AppIcon;
				CLANG_ENABLE_MODULES = YES;
				CODE_SIGN_STYLE = Automatic;
				INFOPLIST_FILE = "Practica-01-UF01/Info.plist";
				LD_RUNPATH_SEARCH_PATHS = (
					"$(inherited)",
					"@executable_path/Frameworks",
				);
				PRODUCT_BUNDLE_IDENTIFIER = "Pol-Joel.Practica-01-UF01";
				PRODUCT_NAME = "$(TARGET_NAME)";
				SWIFT_OBJC_BRIDGING_HEADER = "Practica-01-UF01/Practica-01-UF01-Bridging-Header.h";
				SWIFT_OPTIMIZATION_LEVEL = "-Onone";
				SWIFT_VERSION = 4.2;
				TARGETED_DEVICE_FAMILY = "1,2";
			};
			name = Debug;
		};
		EF6BA7172243EB8500B51A73 /* Release */ = {
			isa = XCBuildConfiguration;
			buildSettings = {
				ASSETCATALOG_COMPILER_APPICON_NAME = AppIcon;
				CLANG_ENABLE_MODULES = YES;
				CODE_SIGN_STYLE = Automatic;
				INFOPLIST_FILE = "Practica-01-UF01/Info.plist";
				LD_RUNPATH_SEARCH_PATHS = (
					"$(inherited)",
					"@executable_path/Frameworks",
				);
				PRODUCT_BUNDLE_IDENTIFIER = "Pol-Joel.Practica-01-UF01";
				PRODUCT_NAME = "$(TARGET_NAME)";
				SWIFT_OBJC_BRIDGING_HEADER = "Practica-01-UF01/Practica-01-UF01-Bridging-Header.h";
				SWIFT_VERSION = 4.2;
				TARGETED_DEVICE_FAMILY = "1,2";
			};
			name = Release;
		};
/* End XCBuildConfiguration section */

/* Begin XCConfigurationList section */
		EF6BA6FE2243EB7F00B51A73 /* Build configuration list for PBXProject "Practica-01-UF01" */ = {
			isa = XCConfigurationList;
			buildConfigurations = (
				EF6BA7132243EB8500B51A73 /* Debug */,
				EF6BA7142243EB8500B51A73 /* Release */,
			);
			defaultConfigurationIsVisible = 0;
			defaultConfigurationName = Release;
		};
		EF6BA7152243EB8500B51A73 /* Build configuration list for PBXNativeTarget "Practica-01-UF01" */ = {
			isa = XCConfigurationList;
			buildConfigurations = (
				EF6BA7162243EB8500B51A73 /* Debug */,
				EF6BA7172243EB8500B51A73 /* Release */,
			);
			defaultConfigurationIsVisible = 0;
			defaultConfigurationName = Release;
		};
/* End XCConfigurationList section */
	};
	rootObject = EF6BA6FB2243EB7F00B51A73 /* Project object */;
}
